
Microsoft Visual Studio Solution File, Format Version 12.00
# Visual Studio Version 17
VisualStudioVersion = 17.9.34607.119
MinimumVisualStudioVersion = 10.0.40219.1
Project("{FAE04EC0-301F-11D3-BF4B-00C04F79EFBC}") = "ClinicBooking.API", "ClinicBooking.API\ClinicBooking.API.csproj", "{1007E74F-CF1E-4C7E-AAF6-F6B97D77B7BF}"
EndProject
Project("{FAE04EC0-301F-11D3-BF4B-00C04F79EFBC}") = "ClinicBooking.DAL", "ClinicBooking.DAL\ClinicBooking.DAL.csproj", "{E2CA6BEB-45B7-479E-B5D4-5DB78C2BD56E}"
EndProject
Global
	GlobalSection(SolutionConfigurationPlatforms) = preSolution
		Debug|Any CPU = Debug|Any CPU
		Release|Any CPU = Release|Any CPU
	EndGlobalSection
	GlobalSection(ProjectConfigurationPlatforms) = postSolution
		{1007E74F-CF1E-4C7E-AAF6-F6B97D77B7BF}.Debug|Any CPU.ActiveCfg = Debug|Any CPU
		{1007E74F-CF1E-4C7E-AAF6-F6B97D77B7BF}.Debug|Any CPU.Build.0 = Debug|Any CPU
		{1007E74F-CF1E-4C7E-AAF6-F6B97D77B7BF}.Release|Any CPU.ActiveCfg = Release|Any CPU
		{1007E74F-CF1E-4C7E-AAF6-F6B97D77B7BF}.Release|Any CPU.Build.0 = Release|Any CPU
		{E2CA6BEB-45B7-479E-B5D4-5DB78C2BD56E}.Debug|Any CPU.ActiveCfg = Debug|Any CPU
		{E2CA6BEB-45B7-479E-B5D4-5DB78C2BD56E}.Debug|Any CPU.Build.0 = Debug|Any CPU
		{E2CA6BEB-45B7-479E-B5D4-5DB78C2BD56E}.Release|Any CPU.ActiveCfg = Release|Any CPU
		{E2CA6BEB-45B7-479E-B5D4-5DB78C2BD56E}.Release|Any CPU.Build.0 = Release|Any CPU
	EndGlobalSection
	GlobalSection(SolutionProperties) = preSolution
		HideSolutionNode = FALSE
	EndGlobalSection
	GlobalSection(ExtensibilityGlobals) = postSolution
		SolutionGuid = {27D4C6BB-CC1F-4001-8C27-B614AD07FBF2}
	EndGlobalSection
EndGlobal
